
Microsoft Visual Studio Solution File, Format Version 12.00
# Visual Studio 14
VisualStudioVersion = 14.0.25420.1
MinimumVisualStudioVersion = 10.0.40219.1
Project("{FAE04EC0-301F-11D3-BF4B-00C04F79EFBC}") = "WebApplication123455", "WebApplication123455\WebApplication123455.csproj", "{0E414886-47FA-4C35-B024-00FFDCE652E4}"
EndProject
Project("{FAE04EC0-301F-11D3-BF4B-00C04F79EFBC}") = "WebApplication123455.Tests", "WebApplication123455.Tests\WebApplication123455.Tests.csproj", "{6DC2872A-20CD-450C-8843-E29AE0B47796}"
EndProject
Global
	GlobalSection(SolutionConfigurationPlatforms) = preSolution
		Debug|Any CPU = Debug|Any CPU
		Release|Any CPU = Release|Any CPU
	EndGlobalSection
	GlobalSection(ProjectConfigurationPlatforms) = postSolution
		{0E414886-47FA-4C35-B024-00FFDCE652E4}.Debug|Any CPU.ActiveCfg = Debug|Any CPU
		{0E414886-47FA-4C35-B024-00FFDCE652E4}.Debug|Any CPU.Build.0 = Debug|Any CPU
		{0E414886-47FA-4C35-B024-00FFDCE652E4}.Release|Any CPU.ActiveCfg = Release|Any CPU
		{0E414886-47FA-4C35-B024-00FFDCE652E4}.Release|Any CPU.Build.0 = Release|Any CPU
		{6DC2872A-20CD-450C-8843-E29AE0B47796}.Debug|Any CPU.ActiveCfg = Debug|Any CPU
		{6DC2872A-20CD-450C-8843-E29AE0B47796}.Debug|Any CPU.Build.0 = Debug|Any CPU
		{6DC2872A-20CD-450C-8843-E29AE0B47796}.Release|Any CPU.ActiveCfg = Release|Any CPU
		{6DC2872A-20CD-450C-8843-E29AE0B47796}.Release|Any CPU.Build.0 = Release|Any CPU
	EndGlobalSection
	GlobalSection(SolutionProperties) = preSolution
		HideSolutionNode = FALSE
	EndGlobalSection
EndGlobal
